<?xml version="1.0" encoding="UTF-8" standalone="yes" ?>
<CodeBlocks_project_file>
	<FileVersion major="1" minor="6" />
	<Project>
		<Option title="SandboxGame" />
		<Option pch_mode="2" />
		<Option compiler="gcc" />
		<Build>
			<Target title="Debug">
				<Option output="bin/Debug/SandboxGame" prefix_auto="1" extension_auto="1" />
				<Option object_output="obj/Debug/" />
				<Option type="1" />
				<Option compiler="gcc" />
				<Compiler>
					<Add option="-g" />
					<Add directory="include" />
				</Compiler>
			</Target>
			<Target title="Release">
				<Option output="bin/Release/SandboxGame" prefix_auto="1" extension_auto="1" />
				<Option object_output="obj/Release/" />
				<Option type="1" />
				<Option compiler="gcc" />
				<Compiler>
					<Add option="-O2" />
					<Add directory="include" />
				</Compiler>
				<Linker>
					<Add option="-s" />
				</Linker>
			</Target>
		</Build>
		<Compiler>
			<Add option="-Wall" />
			<Add option="-fexceptions" />
			<Add option="-fPIC" />
			<Add option="-fPIE" />
			<Add directory="/home/vaios/Qt/5.3/gcc_64/include" />
			<Add directory="/home/vaios/Qt/5.3/gcc_64/include/QtGui" />
			<Add directory="/home/vaios/Qt/5.3/gcc_64/include/QtWidgets" />
			<Add directory="/home/vaios/Qt/5.3/gcc_64/include/QtCore" />
		</Compiler>
		<Linker>
			<Add library="Qt5Gui" />
			<Add library="Qt5Core" />
			<Add library="Qt5OpenGL" />
			<Add library="Qt5Widgets" />
			<Add library="GLEW" />
			<Add library="GL" />
			<Add library="GLU" />
			<Add directory="/home/vaios/Qt/5.3/gcc_64/lib" />
			<Add directory="/usr/lib" />
		</Linker>
		<Unit filename="include/MyGlWindow.h" />
		<Unit filename="main.cpp" />
		<Unit filename="src/MyGlWindow.cpp" />
		<Extensions>
			<code_completion />
			<envvars />
			<debugger />
			<lib_finder disable_auto="1" />
		</Extensions>
	</Project>
</CodeBlocks_project_file>
